PODS:
  - Flutter (1.0.0)
  - flutter_boost (0.0.2):
    - Flutter

DEPENDENCIES:
  - Flutter (from `.symlinks/flutter/ios`)
  - flutter_boost (from `/Users/xianxiangzheng/Projects/Github/flutter_boost/ios`)

EXTERNAL SOURCES:
  Flutter:
    :path: ".symlinks/flutter/ios"
  flutter_boost:
    :path: "/Users/xianxiangzheng/Projects/Github/flutter_boost/ios"

SPEC CHECKSUMS:
  Flutter: 58dd7d1b27887414a370fcccb9e645c08ffd7a6a
  flutter_boost: a7cfa776b75329d5e7d101d0cd33e75042bcde69

PODFILE CHECKSUM: 439922298cbe36047504bc5ed918566f8bfbeceb

COCOAPODS: 1.8.0.beta.2
